
Microsoft Visual Studio Solution File, Format Version 12.00
# Visual Studio Version 16
VisualStudioVersion = 16.0.29613.14
MinimumVisualStudioVersion = 10.0.40219.1
Project("{9A19103F-16F7-4668-BE54-9A1E7A4F7556}") = "App", "App\App.csproj", "{92A94A1C-6557-4F2B-A0DD-6C0282F1B399}"
EndProject
Project("{9A19103F-16F7-4668-BE54-9A1E7A4F7556}") = "Lib", "Lib\Lib.csproj", "{E917F380-C2EF-49DE-BA27-A41946040716}"
EndProject
Project("{FAE04EC0-301F-11D3-BF4B-00C04F79EFBC}") = "Tests", "Tests\Tests.csproj", "{B20E3983-9A84-402B-A93A-13A7B2A29589}"
EndProject
Global
	GlobalSection(SolutionConfigurationPlatforms) = preSolution
		Debug|Any CPU = Debug|Any CPU
		Release|Any CPU = Release|Any CPU
	EndGlobalSection
	GlobalSection(ProjectConfigurationPlatforms) = postSolution
		{92A94A1C-6557-4F2B-A0DD-6C0282F1B399}.Debug|Any CPU.ActiveCfg = Debug|Any CPU
		{92A94A1C-6557-4F2B-A0DD-6C0282F1B399}.Debug|Any CPU.Build.0 = Debug|Any CPU
		{92A94A1C-6557-4F2B-A0DD-6C0282F1B399}.Release|Any CPU.ActiveCfg = Release|Any CPU
		{92A94A1C-6557-4F2B-A0DD-6C0282F1B399}.Release|Any CPU.Build.0 = Release|Any CPU
		{E917F380-C2EF-49DE-BA27-A41946040716}.Debug|Any CPU.ActiveCfg = Debug|Any CPU
		{E917F380-C2EF-49DE-BA27-A41946040716}.Debug|Any CPU.Build.0 = Debug|Any CPU
		{E917F380-C2EF-49DE-BA27-A41946040716}.Release|Any CPU.ActiveCfg = Release|Any CPU
		{E917F380-C2EF-49DE-BA27-A41946040716}.Release|Any CPU.Build.0 = Release|Any CPU
		{B20E3983-9A84-402B-A93A-13A7B2A29589}.Debug|Any CPU.ActiveCfg = Debug|Any CPU
		{B20E3983-9A84-402B-A93A-13A7B2A29589}.Debug|Any CPU.Build.0 = Debug|Any CPU
		{B20E3983-9A84-402B-A93A-13A7B2A29589}.Release|Any CPU.ActiveCfg = Release|Any CPU
		{B20E3983-9A84-402B-A93A-13A7B2A29589}.Release|Any CPU.Build.0 = Release|Any CPU
	EndGlobalSection
	GlobalSection(SolutionProperties) = preSolution
		HideSolutionNode = FALSE
	EndGlobalSection
	GlobalSection(ExtensibilityGlobals) = postSolution
		SolutionGuid = {8D3ADC62-ACB3-416B-97A4-7B57A69A3331}
	EndGlobalSection
EndGlobal
